# @generated by Move, please check-in and do not edit manually.

[move]
version = 3
manifest_digest = "3F2F87764D98CAE5494FD6973FD32A5C03298C89BD56EA670435A8E0930E1285"
deps_digest = "060AD7E57DFB13104F21BE5F5C3759D03F0553FC3229247D9A7A6B45F50D03A3"
dependencies = [
  { id = "AccountExtensions", name = "AccountExtensions" },
  { id = "AccountProtocol", name = "AccountProtocol" },
  { id = "Sui", name = "Sui" },
]

[[move.package]]
id = "AccountExtensions"
source = { local = "../../extensions" }

dependencies = [
  { id = "Sui", name = "Sui" },
]

[[move.package]]
id = "AccountProtocol"
source = { local = "../../protocol" }

dependencies = [
  { id = "AccountExtensions", name = "AccountExtensions" },
  { id = "Sui", name = "Sui" },
]

[[move.package]]
id = "MoveStdlib"
source = { git = "https://github.com/MystenLabs/sui.git", rev = "framework/mainnet", subdir = "crates/sui-framework/packages/move-stdlib" }

[[move.package]]
id = "Sui"
source = { git = "https://github.com/MystenLabs/sui.git", rev = "framework/mainnet", subdir = "crates/sui-framework/packages/sui-framework" }

dependencies = [
  { id = "MoveStdlib", name = "MoveStdlib" },
]

[move.toolchain-version]
compiler-version = "1.42.1"
edition = "2024.beta"
flavor = "sui"

[env]

[env.testnet]
chain-id = "4c78adac"
original-published-id = "0x05d1c7b7b4381fb78b70ccb7f7c0786a383b74a3149b53661d5c759f968edf54"
latest-published-id = "0x05d1c7b7b4381fb78b70ccb7f7c0786a383b74a3149b53661d5c759f968edf54"
published-version = "1"
