# @generated by Move, please check-in and do not edit manually.

[move]
version = 3
manifest_digest = "E80C15FFF6552C8398D76F688BFA8F25EE83864DD377601CD631EF924B94444B"
deps_digest = "060AD7E57DFB13104F21BE5F5C3759D03F0553FC3229247D9A7A6B45F50D03A3"
dependencies = [
  { id = "AccountExtensions", name = "AccountExtensions" },
  { id = "AccountProtocol", name = "AccountProtocol" },
  { id = "Sui", name = "Sui" },
]

[[move.package]]
id = "AccountExtensions"
source = { local = "../extensions" }

dependencies = [
  { id = "Sui", name = "Sui" },
]

[[move.package]]
id = "AccountProtocol"
source = { local = "../protocol" }

dependencies = [
  { id = "AccountExtensions", name = "AccountExtensions" },
  { id = "Sui", name = "Sui" },
]

[[move.package]]
id = "MoveStdlib"
source = { git = "https://github.com/MystenLabs/sui.git", rev = "framework/mainnet", subdir = "crates/sui-framework/packages/move-stdlib" }

[[move.package]]
id = "Sui"
source = { git = "https://github.com/MystenLabs/sui.git", rev = "framework/mainnet", subdir = "crates/sui-framework/packages/sui-framework" }

dependencies = [
  { id = "MoveStdlib", name = "MoveStdlib" },
]

[move.toolchain-version]
compiler-version = "1.37.3"
edition = "2024.beta"
flavor = "sui"

[env]

[env.testnet]
chain-id = "4c78adac"
original-published-id = "0x8f56ea68e62a1dae01474fa14ac5f1b7d18e329bb7a1c9ae436ed4001b10cc83"
latest-published-id = "0x8f56ea68e62a1dae01474fa14ac5f1b7d18e329bb7a1c9ae436ed4001b10cc83"
published-version = "1"
